// !$*UTF8*$!
{
	archiveVersion = 1;
	classes = {
	};
	objectVersion = 50;
	objects = {

/* Begin PBXBuildFile section */
		FA8EB75821846524008AAFDF /* AppDelegate.swift in Sources */ = {isa = PBXBuildFile; fileRef = FA8EB75721846524008AAFDF /* AppDelegate.swift */; };
		FA8EB75A21846524008AAFDF /* ViewController.swift in Sources */ = {isa = PBXBuildFile; fileRef = FA8EB75921846524008AAFDF /* ViewController.swift */; };
		FA8EB75D21846524008AAFDF /* Main.storyboard in Resources */ = {isa = PBXBuildFile; fileRef = FA8EB75B21846524008AAFDF /* Main.storyboard */; };
		FA8EB76021846524008AAFDF /* Hackathon.xcdatamodeld in Sources */ = {isa = PBXBuildFile; fileRef = FA8EB75E21846524008AAFDF /* Hackathon.xcdatamodeld */; };
		FA8EB76221846526008AAFDF /* Assets.xcassets in Resources */ = {isa = PBXBuildFile; fileRef = FA8EB76121846526008AAFDF /* Assets.xcassets */; };
		FA8EB76521846526008AAFDF /* LaunchScreen.storyboard in Resources */ = {isa = PBXBuildFile; fileRef = FA8EB76321846526008AAFDF /* LaunchScreen.storyboard */; };
		FA8EB77021846526008AAFDF /* HackathonTests.swift in Sources */ = {isa = PBXBuildFile; fileRef = FA8EB76F21846526008AAFDF /* HackathonTests.swift */; };
		FA8EB77B21846526008AAFDF /* HackathonUITests.swift in Sources */ = {isa = PBXBuildFile; fileRef = FA8EB77A21846526008AAFDF /* HackathonUITests.swift */; };
/* End PBXBuildFile section */

/* Begin PBXContainerItemProxy section */
		FA8EB76C21846526008AAFDF /* PBXContainerItemProxy */ = {
			isa = PBXContainerItemProxy;
			containerPortal = FA8EB74C21846524008AAFDF /* Project object */;
			proxyType = 1;
			remoteGlobalIDString = FA8EB75321846524008AAFDF;
			remoteInfo = Hackathon;
		};
		FA8EB77721846526008AAFDF /* PBXContainerItemProxy */ = {
			isa = PBXContainerItemProxy;
			containerPortal = FA8EB74C21846524008AAFDF /* Project object */;
			proxyType = 1;
			remoteGlobalIDString = FA8EB75321846524008AAFDF;
			remoteInfo = Hackathon;
		};
/* End PBXContainerItemProxy section */

/* Begin PBXFileReference section */
		FA8EB75421846524008AAFDF /* Hackathon.app */ = {isa = PBXFileReference; explicitFileType = wrapper.application; includeInIndex = 0; path = Hackathon.app; sourceTree = BUILT_PRODUCTS_DIR; };
		FA8EB75721846524008AAFDF /* AppDelegate.swift */ = {isa = PBXFileReference; lastKnownFileType = sourcecode.swift; path = AppDelegate.swift; sourceTree = "<group>"; };
		FA8EB75921846524008AAFDF /* ViewController.swift */ = {isa = PBXFileReference; lastKnownFileType = sourcecode.swift; path = ViewController.swift; sourceTree = "<group>"; };
		FA8EB75C21846524008AAFDF /* Base */ = {isa = PBXFileReference; lastKnownFileType = file.storyboard; name = Base; path = Base.lproj/Main.storyboard; sourceTree = "<group>"; };
		FA8EB75F21846524008AAFDF /* Hackathon.xcdatamodel */ = {isa = PBXFileReference; lastKnownFileType = wrapper.xcdatamodel; path = Hackathon.xcdatamodel; sourceTree = "<group>"; };
		FA8EB76121846526008AAFDF /* Assets.xcassets */ = {isa = PBXFileReference; lastKnownFileType = folder.assetcatalog; path = Assets.xcassets; sourceTree = "<group>"; };
		FA8EB76421846526008AAFDF /* Base */ = {isa = PBXFileReference; lastKnownFileType = file.storyboard; name = Base; path = Base.lproj/LaunchScreen.storyboard; sourceTree = "<group>"; };
		FA8EB76621846526008AAFDF /* Info.plist */ = {isa = PBXFileReference; lastKnownFileType = text.plist.xml; path = Info.plist; sourceTree = "<group>"; };
		FA8EB76B21846526008AAFDF /* HackathonTests.xctest */ = {isa = PBXFileReference; explicitFileType = wrapper.cfbundle; includeInIndex = 0; path = HackathonTests.xctest; sourceTree = BUILT_PRODUCTS_DIR; };
		FA8EB76F21846526008AAFDF /* HackathonTests.swift */ = {isa = PBXFileReference; lastKnownFileType = sourcecode.swift; path = HackathonTests.swift; sourceTree = "<group>"; };
		FA8EB77121846526008AAFDF /* Info.plist */ = {isa = PBXFileReference; lastKnownFileType = text.plist.xml; path = Info.plist; sourceTree = "<group>"; };
		FA8EB77621846526008AAFDF /* HackathonUITests.xctest */ = {isa = PBXFileReference; explicitFileType = wrapper.cfbundle; includeInIndex = 0; path = HackathonUITests.xctest; sourceTree = BUILT_PRODUCTS_DIR; };
		FA8EB77A21846526008AAFDF /* HackathonUITests.swift */ = {isa = PBXFileReference; lastKnownFileType = sourcecode.swift; path = HackathonUITests.swift; sourceTree = "<group>"; };
		FA8EB77C21846526008AAFDF /* Info.plist */ = {isa = PBXFileReference; lastKnownFileType = text.plist.xml; path = Info.plist; sourceTree = "<group>"; };
/* End PBXFileReference section */

/* Begin PBXFrameworksBuildPhase section */
		FA8EB75121846524008AAFDF /* Frameworks */ = {
			isa = PBXFrameworksBuildPhase;
			buildActionMask = 2147483647;
			files = (
			);
			runOnlyForDeploymentPostprocessing = 0;
		};
		FA8EB76821846526008AAFDF /* Frameworks */ = {
			isa = PBXFrameworksBuildPhase;
			buildActionMask = 2147483647;
			files = (
			);
			runOnlyForDeploymentPostprocessing = 0;
		};
		FA8EB77321846526008AAFDF /* Frameworks */ = {
			isa = PBXFrameworksBuildPhase;
			buildActionMask = 2147483647;
			files = (
			);
			runOnlyForDeploymentPostprocessing = 0;
		};
/* End PBXFrameworksBuildPhase section */

/* Begin PBXGroup section */
		FA8EB74B21846524008AAFDF = {
			isa = PBXGroup;
			children = (
				FA8EB75621846524008AAFDF /* Hackathon */,
				FA8EB76E21846526008AAFDF /* HackathonTests */,
				FA8EB77921846526008AAFDF /* HackathonUITests */,
				FA8EB75521846524008AAFDF /* Products */,
			);
			sourceTree = "<group>";
		};
		FA8EB75521846524008AAFDF /* Products */ = {
			isa = PBXGroup;
			children = (
				FA8EB75421846524008AAFDF /* Hackathon.app */,
				FA8EB76B21846526008AAFDF /* HackathonTests.xctest */,
				FA8EB77621846526008AAFDF /* HackathonUITests.xctest */,
			);
			name = Products;
			sourceTree = "<group>";
		};
		FA8EB75621846524008AAFDF /* Hackathon */ = {
			isa = PBXGroup;
			children = (
				FA8EB75721846524008AAFDF /* AppDelegate.swift */,
				FA8EB75921846524008AAFDF /* ViewController.swift */,
				FA8EB75B21846524008AAFDF /* Main.storyboard */,
				FA8EB76121846526008AAFDF /* Assets.xcassets */,
				FA8EB76321846526008AAFDF /* LaunchScreen.storyboard */,
				FA8EB76621846526008AAFDF /* Info.plist */,
				FA8EB75E21846524008AAFDF /* Hackathon.xcdatamodeld */,
			);
			path = Hackathon;
			sourceTree = "<group>";
		};
		FA8EB76E21846526008AAFDF /* HackathonTests */ = {
			isa = PBXGroup;
			children = (
				FA8EB76F21846526008AAFDF /* HackathonTests.swift */,
				FA8EB77121846526008AAFDF /* Info.plist */,
			);
			path = HackathonTests;
			sourceTree = "<group>";
		};
		FA8EB77921846526008AAFDF /* HackathonUITests */ = {
			isa = PBXGroup;
			children = (
				FA8EB77A21846526008AAFDF /* HackathonUITests.swift */,
				FA8EB77C21846526008AAFDF /* Info.plist */,
			);
			path = HackathonUITests;
			sourceTree = "<group>";
		};
/* End PBXGroup section */

/* Begin PBXNativeTarget section */
		FA8EB75321846524008AAFDF /* Hackathon */ = {
			isa = PBXNativeTarget;
			buildConfigurationList = FA8EB77F21846526008AAFDF /* Build configuration list for PBXNativeTarget "Hackathon" */;
			buildPhases = (
				FA8EB75021846524008AAFDF /* Sources */,
				FA8EB75121846524008AAFDF /* Frameworks */,
				FA8EB75221846524008AAFDF /* Resources */,
			);
			buildRules = (
			);
			dependencies = (
			);
			name = Hackathon;
			productName = Hackathon;
			productReference = FA8EB75421846524008AAFDF /* Hackathon.app */;
			productType = "com.apple.product-type.application";
		};
		FA8EB76A21846526008AAFDF /* HackathonTests */ = {
			isa = PBXNativeTarget;
			buildConfigurationList = FA8EB78221846526008AAFDF /* Build configuration list for PBXNativeTarget "HackathonTests" */;
			buildPhases = (
				FA8EB76721846526008AAFDF /* Sources */,
				FA8EB76821846526008AAFDF /* Frameworks */,
				FA8EB76921846526008AAFDF /* Resources */,
			);
			buildRules = (
			);
			dependencies = (
				FA8EB76D21846526008AAFDF /* PBXTargetDependency */,
			);
			name = HackathonTests;
			productName = HackathonTests;
			productReference = FA8EB76B21846526008AAFDF /* HackathonTests.xctest */;
			productType = "com.apple.product-type.bundle.unit-test";
		};
		FA8EB77521846526008AAFDF /* HackathonUITests */ = {
			isa = PBXNativeTarget;
			buildConfigurationList = FA8EB78521846526008AAFDF /* Build configuration list for PBXNativeTarget "HackathonUITests" */;
			buildPhases = (
				FA8EB77221846526008AAFDF /* Sources */,
				FA8EB77321846526008AAFDF /* Frameworks */,
				FA8EB77421846526008AAFDF /* Resources */,
			);
			buildRules = (
			);
			dependencies = (
				FA8EB77821846526008AAFDF /* PBXTargetDependency */,
			);
			name = HackathonUITests;
			productName = HackathonUITests;
			productReference = FA8EB77621846526008AAFDF /* HackathonUITests.xctest */;
			productType = "com.apple.product-type.bundle.ui-testing";
		};
/* End PBXNativeTarget section */

/* Begin PBXProject section */
		FA8EB74C21846524008AAFDF /* Project object */ = {
			isa = PBXProject;
			attributes = {
				LastSwiftUpdateCheck = 0940;
				LastUpgradeCheck = 0940;
				ORGANIZATIONNAME = "Mihai Alexandru Manolescu";
				TargetAttributes = {
					FA8EB75321846524008AAFDF = {
						CreatedOnToolsVersion = 9.4.1;
					};
					FA8EB76A21846526008AAFDF = {
						CreatedOnToolsVersion = 9.4.1;
						TestTargetID = FA8EB75321846524008AAFDF;
					};
					FA8EB77521846526008AAFDF = {
						CreatedOnToolsVersion = 9.4.1;
						TestTargetID = FA8EB75321846524008AAFDF;
					};
				};
			};
			buildConfigurationList = FA8EB74F21846524008AAFDF /* Build configuration list for PBXProject "Hackathon" */;
			compatibilityVersion = "Xcode 9.3";
			developmentRegion = en;
			hasScannedForEncodings = 0;
			knownRegions = (
				en,
				Base,
			);
			mainGroup = FA8EB74B21846524008AAFDF;
			productRefGroup = FA8EB75521846524008AAFDF /* Products */;
			projectDirPath = "";
			projectRoot = "";
			targets = (
				FA8EB75321846524008AAFDF /* Hackathon */,
				FA8EB76A21846526008AAFDF /* HackathonTests */,
				FA8EB77521846526008AAFDF /* HackathonUITests */,
			);
		};
/* End PBXProject section */

/* Begin PBXResourcesBuildPhase section */
		FA8EB75221846524008AAFDF /* Resources */ = {
			isa = PBXResourcesBuildPhase;
			buildActionMask = 2147483647;
			files = (
				FA8EB76521846526008AAFDF /* LaunchScreen.storyboard in Resources */,
				FA8EB76221846526008AAFDF /* Assets.xcassets in Resources */,
				FA8EB75D21846524008AAFDF /* Main.storyboard in Resources */,
			);
			runOnlyForDeploymentPostprocessing = 0;
		};
		FA8EB76921846526008AAFDF /* Resources */ = {
			isa = PBXResourcesBuildPhase;
			buildActionMask = 2147483647;
			files = (
			);
			runOnlyForDeploymentPostprocessing = 0;
		};
		FA8EB77421846526008AAFDF /* Resources */ = {
			isa = PBXResourcesBuildPhase;
			buildActionMask = 2147483647;
			files = (
			);
			runOnlyForDeploymentPostprocessing = 0;
		};
/* End PBXResourcesBuildPhase section */

/* Begin PBXSourcesBuildPhase section */
		FA8EB75021846524008AAFDF /* Sources */ = {
			isa = PBXSourcesBuildPhase;
			buildActionMask = 2147483647;
			files = (
				FA8EB75A21846524008AAFDF /* ViewController.swift in Sources */,
				FA8EB75821846524008AAFDF /* AppDelegate.swift in Sources */,
				FA8EB76021846524008AAFDF /* Hackathon.xcdatamodeld in Sources */,
			);
			runOnlyForDeploymentPostprocessing = 0;
		};
		FA8EB76721846526008AAFDF /* Sources */ = {
			isa = PBXSourcesBuildPhase;
			buildActionMask = 2147483647;
			files = (
				FA8EB77021846526008AAFDF /* HackathonTests.swift in Sources */,
			);
			runOnlyForDeploymentPostprocessing = 0;
		};
		FA8EB77221846526008AAFDF /* Sources */ = {
			isa = PBXSourcesBuildPhase;
			buildActionMask = 2147483647;
			files = (
				FA8EB77B21846526008AAFDF /* HackathonUITests.swift in Sources */,
			);
			runOnlyForDeploymentPostprocessing = 0;
		};
/* End PBXSourcesBuildPhase section */

/* Begin PBXTargetDependency section */
		FA8EB76D21846526008AAFDF /* PBXTargetDependency */ = {
			isa = PBXTargetDependency;
			target = FA8EB75321846524008AAFDF /* Hackathon */;
			targetProxy = FA8EB76C21846526008AAFDF /* PBXContainerItemProxy */;
		};
		FA8EB77821846526008AAFDF /* PBXTargetDependency */ = {
			isa = PBXTargetDependency;
			target = FA8EB75321846524008AAFDF /* Hackathon */;
			targetProxy = FA8EB77721846526008AAFDF /* PBXContainerItemProxy */;
		};
/* End PBXTargetDependency section */

/* Begin PBXVariantGroup section */
		FA8EB75B21846524008AAFDF /* Main.storyboard */ = {
			isa = PBXVariantGroup;
			children = (
				FA8EB75C21846524008AAFDF /* Base */,
			);
			name = Main.storyboard;
			sourceTree = "<group>";
		};
		FA8EB76321846526008AAFDF /* LaunchScreen.storyboard */ = {
			isa = PBXVariantGroup;
			children = (
				FA8EB76421846526008AAFDF /* Base */,
			);
			name = LaunchScreen.storyboard;
			sourceTree = "<group>";
		};
/* End PBXVariantGroup section */

/* Begin XCBuildConfiguration section */
		FA8EB77D21846526008AAFDF /* Debug */ = {
			isa = XCBuildConfiguration;
			buildSettings = {
				ALWAYS_SEARCH_USER_PATHS = NO;
				CLANG_ANALYZER_NONNULL = YES;
				CLANG_ANALYZER_NUMBER_OBJECT_CONVERSION = YES_AGGRESSIVE;
				CLANG_CXX_LANGUAGE_STANDARD = "gnu++14";
				CLANG_CXX_LIBRARY = "libc++";
				CLANG_ENABLE_MODULES = YES;
				CLANG_ENABLE_OBJC_ARC = YES;
				CLANG_ENABLE_OBJC_WEAK = YES;
				CLANG_WARN_BLOCK_CAPTURE_AUTORELEASING = YES;
				CLANG_WARN_BOOL_CONVERSION = YES;
				CLANG_WARN_COMMA = YES;
				CLANG_WARN_CONSTANT_CONVERSION = YES;
				CLANG_WARN_DEPRECATED_OBJC_IMPLEMENTATIONS = YES;
				CLANG_WARN_DIRECT_OBJC_ISA_USAGE = YES_ERROR;
				CLANG_WARN_DOCUMENTATION_COMMENTS = YES;
				CLANG_WARN_EMPTY_BODY = YES;
				CLANG_WARN_ENUM_CONVERSION = YES;
				CLANG_WARN_INFINITE_RECURSION = YES;
				CLANG_WARN_INT_CONVERSION = YES;
				CLANG_WARN_NON_LITERAL_NULL_CONVERSION = YES;
				CLANG_WARN_OBJC_IMPLICIT_RETAIN_SELF = YES;
				CLANG_WARN_OBJC_LITERAL_CONVERSION = YES;
				CLANG_WARN_OBJC_ROOT_CLASS = YES_ERROR;
				CLANG_WARN_RANGE_LOOP_ANALYSIS = YES;
				CLANG_WARN_STRICT_PROTOTYPES = YES;
				CLANG_WARN_SUSPICIOUS_MOVE = YES;
				CLANG_WARN_UNGUARDED_AVAILABILITY = YES_AGGRESSIVE;
				CLANG_WARN_UNREACHABLE_CODE = YES;
				CLANG_WARN__DUPLICATE_METHOD_MATCH = YES;
				CODE_SIGN_IDENTITY = "iPhone Developer";
				COPY_PHASE_STRIP = NO;
				DEBUG_INFORMATION_FORMAT = dwarf;
				ENABLE_STRICT_OBJC_MSGSEND = YES;
				ENABLE_TESTABILITY = YES;
				GCC_C_LANGUAGE_STANDARD = gnu11;
				GCC_DYNAMIC_NO_PIC = NO;
				GCC_NO_COMMON_BLOCKS = YES;
				GCC_OPTIMIZATION_LEVEL = 0;
				GCC_PREPROCESSOR_DEFINITIONS = (
					"DEBUG=1",
					"$(inherited)",
				);
				GCC_WARN_64_TO_32_BIT_CONVERSION = YES;
				GCC_WARN_ABOUT_RETURN_TYPE = YES_ERROR;
				GCC_WARN_UNDECLARED_SELECTOR = YES;
				GCC_WARN_UNINITIALIZED_AUTOS = YES_AGGRESSIVE;
				GCC_WARN_UNUSED_FUNCTION = YES;
				GCC_WARN_UNUSED_VARIABLE = YES;
				IPHONEOS_DEPLOYMENT_TARGET = 11.4;
				MTL_ENABLE_DEBUG_INFO = YES;
				ONLY_ACTIVE_ARCH = YES;
				SDKROOT = iphoneos;
				SWIFT_ACTIVE_COMPILATION_CONDITIONS = DEBUG;
				SWIFT_OPTIMIZATION_LEVEL = "-Onone";
			};
			name = Debug;
		};
		FA8EB77E21846526008AAFDF /* Release */ = {
			isa = XCBuildConfiguration;
			buildSettings = {
				ALWAYS_SEARCH_USER_PATHS = NO;
				CLANG_ANALYZER_NONNULL = YES;
				CLANG_ANALYZER_NUMBER_OBJECT_CONVERSION = YES_AGGRESSIVE;
				CLANG_CXX_LANGUAGE_STANDARD = "gnu++14";
				CLANG_CXX_LIBRARY = "libc++";
				CLANG_ENABLE_MODULES = YES;
				CLANG_ENABLE_OBJC_ARC = YES;
				CLANG_ENABLE_OBJC_WEAK = YES;
				CLANG_WARN_BLOCK_CAPTURE_AUTORELEASING = YES;
				CLANG_WARN_BOOL_CONVERSION = YES;
				CLANG_WARN_COMMA = YES;
				CLANG_WARN_CONSTANT_CONVERSION = YES;
				CLANG_WARN_DEPRECATED_OBJC_IMPLEMENTATIONS = YES;
				CLANG_WARN_DIRECT_OBJC_ISA_USAGE = YES_ERROR;
				CLANG_WARN_DOCUMENTATION_COMMENTS = YES;
				CLANG_WARN_EMPTY_BODY = YES;
				CLANG_WARN_ENUM_CONVERSION = YES;
				CLANG_WARN_INFINITE_RECURSION = YES;
				CLANG_WARN_INT_CONVERSION = YES;
				CLANG_WARN_NON_LITERAL_NULL_CONVERSION = YES;
				CLANG_WARN_OBJC_IMPLICIT_RETAIN_SELF = YES;
				CLANG_WARN_OBJC_LITERAL_CONVERSION = YES;
				CLANG_WARN_OBJC_ROOT_CLASS = YES_ERROR;
				CLANG_WARN_RANGE_LOOP_ANALYSIS = YES;
				CLANG_WARN_STRICT_PROTOTYPES = YES;
				CLANG_WARN_SUSPICIOUS_MOVE = YES;
				CLANG_WARN_UNGUARDED_AVAILABILITY = YES_AGGRESSIVE;
				CLANG_WARN_UNREACHABLE_CODE = YES;
				CLANG_WARN__DUPLICATE_METHOD_MATCH = YES;
				CODE_SIGN_IDENTITY = "iPhone Developer";
				COPY_PHASE_STRIP = NO;
				DEBUG_INFORMATION_FORMAT = "dwarf-with-dsym";
				ENABLE_NS_ASSERTIONS = NO;
				ENABLE_STRICT_OBJC_MSGSEND = YES;
				GCC_C_LANGUAGE_STANDARD = gnu11;
				GCC_NO_COMMON_BLOCKS = YES;
				GCC_WARN_64_TO_32_BIT_CONVERSION = YES;
				GCC_WARN_ABOUT_RETURN_TYPE = YES_ERROR;
				GCC_WARN_UNDECLARED_SELECTOR = YES;
				GCC_WARN_UNINITIALIZED_AUTOS = YES_AGGRESSIVE;
				GCC_WARN_UNUSED_FUNCTION = YES;
				GCC_WARN_UNUSED_VARIABLE = YES;
				IPHONEOS_DEPLOYMENT_TARGET = 11.4;
				MTL_ENABLE_DEBUG_INFO = NO;
				SDKROOT = iphoneos;
				SWIFT_COMPILATION_MODE = wholemodule;
				SWIFT_OPTIMIZATION_LEVEL = "-O";
				VALIDATE_PRODUCT = YES;
			};
			name = Release;
		};
		FA8EB78021846526008AAFDF /* Debug */ = {
			isa = XCBuildConfiguration;
			buildSettings = {
				ASSETCATALOG_COMPILER_APPICON_NAME = AppIcon;
				CODE_SIGN_STYLE = Automatic;
				DEVELOPMENT_TEAM = 479S3P29WQ;
				INFOPLIST_FILE = Hackathon/Info.plist;
				LD_RUNPATH_SEARCH_PATHS = (
					"$(inherited)",
					"@executable_path/Frameworks",
				);
				PRODUCT_BUNDLE_IDENTIFIER = CleverCode.Hackathon;
				PRODUCT_NAME = "$(TARGET_NAME)";
				SWIFT_VERSION = 4.0;
				TARGETED_DEVICE_FAMILY = "1,2";
			};
			name = Debug;
		};
		FA8EB78121846526008AAFDF /* Release */ = {
			isa = XCBuildConfiguration;
			buildSettings = {
				ASSETCATALOG_COMPILER_APPICON_NAME = AppIcon;
				CODE_SIGN_STYLE = Automatic;
				DEVELOPMENT_TEAM = 479S3P29WQ;
				INFOPLIST_FILE = Hackathon/Info.plist;
				LD_RUNPATH_SEARCH_PATHS = (
					"$(inherited)",
					"@executable_path/Frameworks",
				);
				PRODUCT_BUNDLE_IDENTIFIER = CleverCode.Hackathon;
				PRODUCT_NAME = "$(TARGET_NAME)";
				SWIFT_VERSION = 4.0;
				TARGETED_DEVICE_FAMILY = "1,2";
			};
			name = Release;
		};
		FA8EB78321846526008AAFDF /* Debug */ = {
			isa = XCBuildConfiguration;
			buildSettings = {
				ALWAYS_EMBED_SWIFT_STANDARD_LIBRARIES = YES;
				BUNDLE_LOADER = "$(TEST_HOST)";
				CODE_SIGN_STYLE = Automatic;
				INFOPLIST_FILE = HackathonTests/Info.plist;
				LD_RUNPATH_SEARCH_PATHS = (
					"$(inherited)",
					"@executable_path/Frameworks",
					"@loader_path/Frameworks",
				);
				PRODUCT_BUNDLE_IDENTIFIER = CleverCode.HackathonTests;
				PRODUCT_NAME = "$(TARGET_NAME)";
				SWIFT_VERSION = 4.0;
				TARGETED_DEVICE_FAMILY = "1,2";
				TEST_HOST = "$(BUILT_PRODUCTS_DIR)/Hackathon.app/Hackathon";
			};
			name = Debug;
		};
		FA8EB78421846526008AAFDF /* Release */ = {
			isa = XCBuildConfiguration;
			buildSettings = {
				ALWAYS_EMBED_SWIFT_STANDARD_LIBRARIES = YES;
				BUNDLE_LOADER = "$(TEST_HOST)";
				CODE_SIGN_STYLE = Automatic;
				INFOPLIST_FILE = HackathonTests/Info.plist;
				LD_RUNPATH_SEARCH_PATHS = (
					"$(inherited)",
					"@executable_path/Frameworks",
					"@loader_path/Frameworks",
				);
				PRODUCT_BUNDLE_IDENTIFIER = CleverCode.HackathonTests;
				PRODUCT_NAME = "$(TARGET_NAME)";
				SWIFT_VERSION = 4.0;
				TARGETED_DEVICE_FAMILY = "1,2";
				TEST_HOST = "$(BUILT_PRODUCTS_DIR)/Hackathon.app/Hackathon";
			};
			name = Release;
		};
		FA8EB78621846526008AAFDF /* Debug */ = {
			isa = XCBuildConfiguration;
			buildSettings = {
				ALWAYS_EMBED_SWIFT_STANDARD_LIBRARIES = YES;
				CODE_SIGN_STYLE = Automatic;
				INFOPLIST_FILE = HackathonUITests/Info.plist;
				LD_RUNPATH_SEARCH_PATHS = (
					"$(inherited)",
					"@executable_path/Frameworks",
					"@loader_path/Frameworks",
				);
				PRODUCT_BUNDLE_IDENTIFIER = CleverCode.HackathonUITests;
				PRODUCT_NAME = "$(TARGET_NAME)";
				SWIFT_VERSION = 4.0;
				TARGETED_DEVICE_FAMILY = "1,2";
				TEST_TARGET_NAME = Hackathon;
			};
			name = Debug;
		};
		FA8EB78721846526008AAFDF /* Release */ = {
			isa = XCBuildConfiguration;
			buildSettings = {
				ALWAYS_EMBED_SWIFT_STANDARD_LIBRARIES = YES;
				CODE_SIGN_STYLE = Automatic;
				INFOPLIST_FILE = HackathonUITests/Info.plist;
				LD_RUNPATH_SEARCH_PATHS = (
					"$(inherited)",
					"@executable_path/Frameworks",
					"@loader_path/Frameworks",
				);
				PRODUCT_BUNDLE_IDENTIFIER = CleverCode.HackathonUITests;
				PRODUCT_NAME = "$(TARGET_NAME)";
				SWIFT_VERSION = 4.0;
				TARGETED_DEVICE_FAMILY = "1,2";
				TEST_TARGET_NAME = Hackathon;
			};
			name = Release;
		};
/* End XCBuildConfiguration section */

/* Begin XCConfigurationList section */
		FA8EB74F21846524008AAFDF /* Build configuration list for PBXProject "Hackathon" */ = {
			isa = XCConfigurationList;
			buildConfigurations = (
				FA8EB77D21846526008AAFDF /* Debug */,
				FA8EB77E21846526008AAFDF /* Release */,
			);
			defaultConfigurationIsVisible = 0;
			defaultConfigurationName = Release;
		};
		FA8EB77F21846526008AAFDF /* Build configuration list for PBXNativeTarget "Hackathon" */ = {
			isa = XCConfigurationList;
			buildConfigurations = (
				FA8EB78021846526008AAFDF /* Debug */,
				FA8EB78121846526008AAFDF /* Release */,
			);
			defaultConfigurationIsVisible = 0;
			defaultConfigurationName = Release;
		};
		FA8EB78221846526008AAFDF /* Build configuration list for PBXNativeTarget "HackathonTests" */ = {
			isa = XCConfigurationList;
			buildConfigurations = (
				FA8EB78321846526008AAFDF /* Debug */,
				FA8EB78421846526008AAFDF /* Release */,
			);
			defaultConfigurationIsVisible = 0;
			defaultConfigurationName = Release;
		};
		FA8EB78521846526008AAFDF /* Build configuration list for PBXNativeTarget "HackathonUITests" */ = {
			isa = XCConfigurationList;
			buildConfigurations = (
				FA8EB78621846526008AAFDF /* Debug */,
				FA8EB78721846526008AAFDF /* Release */,
			);
			defaultConfigurationIsVisible = 0;
			defaultConfigurationName = Release;
		};
/* End XCConfigurationList section */

/* Begin XCVersionGroup section */
		FA8EB75E21846524008AAFDF /* Hackathon.xcdatamodeld */ = {
			isa = XCVersionGroup;
			children = (
				FA8EB75F21846524008AAFDF /* Hackathon.xcdatamodel */,
			);
			currentVersion = FA8EB75F21846524008AAFDF /* Hackathon.xcdatamodel */;
			path = Hackathon.xcdatamodeld;
			sourceTree = "<group>";
			versionGroupType = wrapper.xcdatamodel;
		};
/* End XCVersionGroup section */
	};
	rootObject = FA8EB74C21846524008AAFDF /* Project object */;
}
